
Microsoft Visual Studio Solution File, Format Version 12.00
# Visual Studio Version 17
VisualStudioVersion = 17.14.36203.30 d17.14
MinimumVisualStudioVersion = 10.0.40219.1
Project("{FAE04EC0-301F-11D3-BF4B-00C04F79EFBC}") = "ResumeSite", "ResumeSite\ResumeSite.csproj", "{4920A425-A705-41F8-9633-B056C0016368}"
EndProject
Global
	GlobalSection(SolutionConfigurationPlatforms) = preSolution
		Debug|Any CPU = Debug|Any CPU
		Release|Any CPU = Release|Any CPU
	EndGlobalSection
	GlobalSection(ProjectConfigurationPlatforms) = postSolution
		{4920A425-A705-41F8-9633-B056C0016368}.Debug|Any CPU.ActiveCfg = Debug|Any CPU
		{4920A425-A705-41F8-9633-B056C0016368}.Debug|Any CPU.Build.0 = Debug|Any CPU
		{4920A425-A705-41F8-9633-B056C0016368}.Release|Any CPU.ActiveCfg = Release|Any CPU
		{4920A425-A705-41F8-9633-B056C0016368}.Release|Any CPU.Build.0 = Release|Any CPU
	EndGlobalSection
	GlobalSection(SolutionProperties) = preSolution
		HideSolutionNode = FALSE
	EndGlobalSection
	GlobalSection(ExtensibilityGlobals) = postSolution
		SolutionGuid = {0525C851-1424-46F2-9F4A-2F93E9D00752}
	EndGlobalSection
EndGlobal
